
Microsoft Visual Studio Solution File, Format Version 12.00
# Visual Studio 15
VisualStudioVersion = 15.0.28307.102
MinimumVisualStudioVersion = 10.0.40219.1
Project("{FAE04EC0-301F-11D3-BF4B-00C04F79EFBC}") = "ComplexDemo", "ComplexDemo\ComplexDemo.csproj", "{E6BC23E4-7B8B-4211-BAB6-0268D050D3BC}"
EndProject
Global
	GlobalSection(SolutionConfigurationPlatforms) = preSolution
		Debug|Any CPU = Debug|Any CPU
		Release|Any CPU = Release|Any CPU
	EndGlobalSection
	GlobalSection(ProjectConfigurationPlatforms) = postSolution
		{E6BC23E4-7B8B-4211-BAB6-0268D050D3BC}.Debug|Any CPU.ActiveCfg = Debug|Any CPU
		{E6BC23E4-7B8B-4211-BAB6-0268D050D3BC}.Debug|Any CPU.Build.0 = Debug|Any CPU
		{E6BC23E4-7B8B-4211-BAB6-0268D050D3BC}.Release|Any CPU.ActiveCfg = Release|Any CPU
		{E6BC23E4-7B8B-4211-BAB6-0268D050D3BC}.Release|Any CPU.Build.0 = Release|Any CPU
	EndGlobalSection
	GlobalSection(SolutionProperties) = preSolution
		HideSolutionNode = FALSE
	EndGlobalSection
	GlobalSection(ExtensibilityGlobals) = postSolution
		SolutionGuid = {449465F8-0D93-45F8-98CC-F2B35D5B4D47}
	EndGlobalSection
EndGlobal
